
Microsoft Visual Studio Solution File, Format Version 12.00
# Visual Studio Version 16
VisualStudioVersion = 16.0.31515.178
MinimumVisualStudioVersion = 10.0.40219.1
Project("{888888A0-9F3D-457C-B088-3A5042F75D52}") = "Course Project - Phase 3", "Course Project - Phase 3.pyproj", "{5535F856-4E6A-430A-9D5B-D6955E8E873C}"
EndProject
Global
	GlobalSection(SolutionConfigurationPlatforms) = preSolution
		Debug|Any CPU = Debug|Any CPU
		Release|Any CPU = Release|Any CPU
	EndGlobalSection
	GlobalSection(ProjectConfigurationPlatforms) = postSolution
		{5535F856-4E6A-430A-9D5B-D6955E8E873C}.Debug|Any CPU.ActiveCfg = Debug|Any CPU
		{5535F856-4E6A-430A-9D5B-D6955E8E873C}.Release|Any CPU.ActiveCfg = Release|Any CPU
	EndGlobalSection
	GlobalSection(SolutionProperties) = preSolution
		HideSolutionNode = FALSE
	EndGlobalSection
	GlobalSection(ExtensibilityGlobals) = postSolution
		SolutionGuid = {80580F2E-34EA-4ACF-907E-9764D2880746}
	EndGlobalSection
EndGlobal
